// !$*UTF8*$!
{
	archiveVersion = 1;
	classes = {
	};
	objectVersion = 50;
	objects = {

/* Begin PBXBuildFile section */
		8C81A6E518B523D92361CB92 /* Pods_HideStackViewInTableCell.framework in Frameworks */ = {isa = PBXBuildFile; fileRef = 231EDCDCAD54924C3A2B1046 /* Pods_HideStackViewInTableCell.framework */; };
		E570AF4B20E2050900F1036D /* AppDelegate.swift in Sources */ = {isa = PBXBuildFile; fileRef = E570AF4A20E2050900F1036D /* AppDelegate.swift */; };
		E570AF4D20E2050900F1036D /* ViewController.swift in Sources */ = {isa = PBXBuildFile; fileRef = E570AF4C20E2050900F1036D /* ViewController.swift */; };
		E570AF5020E2050900F1036D /* Main.storyboard in Resources */ = {isa = PBXBuildFile; fileRef = E570AF4E20E2050900F1036D /* Main.storyboard */; };
		E570AF5220E2050E00F1036D /* Assets.xcassets in Resources */ = {isa = PBXBuildFile; fileRef = E570AF5120E2050E00F1036D /* Assets.xcassets */; };
		E570AF5520E2050E00F1036D /* LaunchScreen.storyboard in Resources */ = {isa = PBXBuildFile; fileRef = E570AF5320E2050E00F1036D /* LaunchScreen.storyboard */; };
		E570AF5F20E2192400F1036D /* ClassRoomViewController.swift in Sources */ = {isa = PBXBuildFile; fileRef = E570AF5D20E2192400F1036D /* ClassRoomViewController.swift */; };
		E570AF6020E2192400F1036D /* ClassRoomViewController.xib in Resources */ = {isa = PBXBuildFile; fileRef = E570AF5E20E2192400F1036D /* ClassRoomViewController.xib */; };
		E570AF6320E2198200F1036D /* ClassRoom.swift in Sources */ = {isa = PBXBuildFile; fileRef = E570AF6220E2198200F1036D /* ClassRoom.swift */; };
		E570AF6720E21AEF00F1036D /* ClassRoomTableViewCell.swift in Sources */ = {isa = PBXBuildFile; fileRef = E570AF6520E21AEF00F1036D /* ClassRoomTableViewCell.swift */; };
		E570AF6820E21AEF00F1036D /* ClassRoomTableViewCell.xib in Resources */ = {isa = PBXBuildFile; fileRef = E570AF6620E21AEF00F1036D /* ClassRoomTableViewCell.xib */; };
		E570AF6B20E21BEB00F1036D /* StudentView.xib in Resources */ = {isa = PBXBuildFile; fileRef = E570AF6A20E21BEB00F1036D /* StudentView.xib */; };
		E570AF6D20E21BF300F1036D /* StudentView.swift in Sources */ = {isa = PBXBuildFile; fileRef = E570AF6C20E21BF300F1036D /* StudentView.swift */; };
/* End PBXBuildFile section */

/* Begin PBXFileReference section */
		231EDCDCAD54924C3A2B1046 /* Pods_HideStackViewInTableCell.framework */ = {isa = PBXFileReference; explicitFileType = wrapper.framework; includeInIndex = 0; path = Pods_HideStackViewInTableCell.framework; sourceTree = BUILT_PRODUCTS_DIR; };
		DF17A21F56378D7705D9E737 /* Pods-HideStackViewInTableCell.release.xcconfig */ = {isa = PBXFileReference; includeInIndex = 1; lastKnownFileType = text.xcconfig; name = "Pods-HideStackViewInTableCell.release.xcconfig"; path = "Pods/Target Support Files/Pods-HideStackViewInTableCell/Pods-HideStackViewInTableCell.release.xcconfig"; sourceTree = "<group>"; };
		E570AF4720E2050900F1036D /* HideStackViewInTableCell.app */ = {isa = PBXFileReference; explicitFileType = wrapper.application; includeInIndex = 0; path = HideStackViewInTableCell.app; sourceTree = BUILT_PRODUCTS_DIR; };
		E570AF4A20E2050900F1036D /* AppDelegate.swift */ = {isa = PBXFileReference; lastKnownFileType = sourcecode.swift; path = AppDelegate.swift; sourceTree = "<group>"; };
		E570AF4C20E2050900F1036D /* ViewController.swift */ = {isa = PBXFileReference; lastKnownFileType = sourcecode.swift; path = ViewController.swift; sourceTree = "<group>"; };
		E570AF4F20E2050900F1036D /* Base */ = {isa = PBXFileReference; lastKnownFileType = file.storyboard; name = Base; path = Base.lproj/Main.storyboard; sourceTree = "<group>"; };
		E570AF5120E2050E00F1036D /* Assets.xcassets */ = {isa = PBXFileReference; lastKnownFileType = folder.assetcatalog; path = Assets.xcassets; sourceTree = "<group>"; };
		E570AF5420E2050E00F1036D /* Base */ = {isa = PBXFileReference; lastKnownFileType = file.storyboard; name = Base; path = Base.lproj/LaunchScreen.storyboard; sourceTree = "<group>"; };
		E570AF5620E2050E00F1036D /* Info.plist */ = {isa = PBXFileReference; lastKnownFileType = text.plist.xml; path = Info.plist; sourceTree = "<group>"; };
		E570AF5D20E2192400F1036D /* ClassRoomViewController.swift */ = {isa = PBXFileReference; lastKnownFileType = sourcecode.swift; path = ClassRoomViewController.swift; sourceTree = "<group>"; };
		E570AF5E20E2192400F1036D /* ClassRoomViewController.xib */ = {isa = PBXFileReference; lastKnownFileType = file.xib; path = ClassRoomViewController.xib; sourceTree = "<group>"; };
		E570AF6220E2198200F1036D /* ClassRoom.swift */ = {isa = PBXFileReference; lastKnownFileType = sourcecode.swift; path = ClassRoom.swift; sourceTree = "<group>"; };
		E570AF6520E21AEF00F1036D /* ClassRoomTableViewCell.swift */ = {isa = PBXFileReference; lastKnownFileType = sourcecode.swift; path = ClassRoomTableViewCell.swift; sourceTree = "<group>"; };
		E570AF6620E21AEF00F1036D /* ClassRoomTableViewCell.xib */ = {isa = PBXFileReference; lastKnownFileType = file.xib; path = ClassRoomTableViewCell.xib; sourceTree = "<group>"; };
		E570AF6A20E21BEB00F1036D /* StudentView.xib */ = {isa = PBXFileReference; lastKnownFileType = file.xib; path = StudentView.xib; sourceTree = "<group>"; };
		E570AF6C20E21BF300F1036D /* StudentView.swift */ = {isa = PBXFileReference; lastKnownFileType = sourcecode.swift; path = StudentView.swift; sourceTree = "<group>"; };
		F2F75897B40E751064A12BFF /* Pods-HideStackViewInTableCell.debug.xcconfig */ = {isa = PBXFileReference; includeInIndex = 1; lastKnownFileType = text.xcconfig; name = "Pods-HideStackViewInTableCell.debug.xcconfig"; path = "Pods/Target Support Files/Pods-HideStackViewInTableCell/Pods-HideStackViewInTableCell.debug.xcconfig"; sourceTree = "<group>"; };
/* End PBXFileReference section */

/* Begin PBXFrameworksBuildPhase section */
		E570AF4420E2050900F1036D /* Frameworks */ = {
			isa = PBXFrameworksBuildPhase;
			buildActionMask = 2147483647;
			files = (
				8C81A6E518B523D92361CB92 /* Pods_HideStackViewInTableCell.framework in Frameworks */,
			);
			runOnlyForDeploymentPostprocessing = 0;
		};
/* End PBXFrameworksBuildPhase section */

/* Begin PBXGroup section */
		368E6E1235E5C7DF34D95E27 /* Pods */ = {
			isa = PBXGroup;
			children = (
				F2F75897B40E751064A12BFF /* Pods-HideStackViewInTableCell.debug.xcconfig */,
				DF17A21F56378D7705D9E737 /* Pods-HideStackViewInTableCell.release.xcconfig */,
			);
			name = Pods;
			sourceTree = "<group>";
		};
		70B32BB6AAF047AE182C0A5C /* Frameworks */ = {
			isa = PBXGroup;
			children = (
				231EDCDCAD54924C3A2B1046 /* Pods_HideStackViewInTableCell.framework */,
			);
			name = Frameworks;
			sourceTree = "<group>";
		};
		E570AF3E20E2050900F1036D = {
			isa = PBXGroup;
			children = (
				E570AF4920E2050900F1036D /* HideStackViewInTableCell */,
				E570AF4820E2050900F1036D /* Products */,
				368E6E1235E5C7DF34D95E27 /* Pods */,
				70B32BB6AAF047AE182C0A5C /* Frameworks */,
			);
			sourceTree = "<group>";
		};
		E570AF4820E2050900F1036D /* Products */ = {
			isa = PBXGroup;
			children = (
				E570AF4720E2050900F1036D /* HideStackViewInTableCell.app */,
			);
			name = Products;
			sourceTree = "<group>";
		};
		E570AF4920E2050900F1036D /* HideStackViewInTableCell */ = {
			isa = PBXGroup;
			children = (
				E570AF5C20E2190C00F1036D /* ClassRoom */,
				E570AF4A20E2050900F1036D /* AppDelegate.swift */,
				E570AF4C20E2050900F1036D /* ViewController.swift */,
				E570AF4E20E2050900F1036D /* Main.storyboard */,
				E570AF5120E2050E00F1036D /* Assets.xcassets */,
				E570AF5320E2050E00F1036D /* LaunchScreen.storyboard */,
				E570AF5620E2050E00F1036D /* Info.plist */,
			);
			path = HideStackViewInTableCell;
			sourceTree = "<group>";
		};
		E570AF5C20E2190C00F1036D /* ClassRoom */ = {
			isa = PBXGroup;
			children = (
				E570AF6920E21BE100F1036D /* View */,
				E570AF6420E21AD200F1036D /* ViewCell */,
				E570AF6120E2197900F1036D /* Model */,
				E570AF5D20E2192400F1036D /* ClassRoomViewController.swift */,
				E570AF5E20E2192400F1036D /* ClassRoomViewController.xib */,
			);
			path = ClassRoom;
			sourceTree = "<group>";
		};
		E570AF6120E2197900F1036D /* Model */ = {
			isa = PBXGroup;
			children = (
				E570AF6220E2198200F1036D /* ClassRoom.swift */,
			);
			path = Model;
			sourceTree = "<group>";
		};
		E570AF6420E21AD200F1036D /* ViewCell */ = {
			isa = PBXGroup;
			children = (
				E570AF6520E21AEF00F1036D /* ClassRoomTableViewCell.swift */,
				E570AF6620E21AEF00F1036D /* ClassRoomTableViewCell.xib */,
			);
			path = ViewCell;
			sourceTree = "<group>";
		};
		E570AF6920E21BE100F1036D /* View */ = {
			isa = PBXGroup;
			children = (
				E570AF6A20E21BEB00F1036D /* StudentView.xib */,
				E570AF6C20E21BF300F1036D /* StudentView.swift */,
			);
			path = View;
			sourceTree = "<group>";
		};
/* End PBXGroup section */

/* Begin PBXNativeTarget section */
		E570AF4620E2050900F1036D /* HideStackViewInTableCell */ = {
			isa = PBXNativeTarget;
			buildConfigurationList = E570AF5920E2050E00F1036D /* Build configuration list for PBXNativeTarget "HideStackViewInTableCell" */;
			buildPhases = (
				5D260802D9A2B2FBCC7402EC /* [CP] Check Pods Manifest.lock */,
				E570AF4320E2050900F1036D /* Sources */,
				E570AF4420E2050900F1036D /* Frameworks */,
				E570AF4520E2050900F1036D /* Resources */,
				5C8349B2143D03FF90A26B1F /* [CP] Embed Pods Frameworks */,
			);
			buildRules = (
			);
			dependencies = (
			);
			name = HideStackViewInTableCell;
			productName = HideStackViewInTableCell;
			productReference = E570AF4720E2050900F1036D /* HideStackViewInTableCell.app */;
			productType = "com.apple.product-type.application";
		};
/* End PBXNativeTarget section */

/* Begin PBXProject section */
		E570AF3F20E2050900F1036D /* Project object */ = {
			isa = PBXProject;
			attributes = {
				LastSwiftUpdateCheck = 0940;
				LastUpgradeCheck = 0940;
				ORGANIZATIONNAME = "Jefferson Setiawan";
				TargetAttributes = {
					E570AF4620E2050900F1036D = {
						CreatedOnToolsVersion = 9.4.1;
					};
				};
			};
			buildConfigurationList = E570AF4220E2050900F1036D /* Build configuration list for PBXProject "HideStackViewInTableCell" */;
			compatibilityVersion = "Xcode 9.3";
			developmentRegion = en;
			hasScannedForEncodings = 0;
			knownRegions = (
				en,
				Base,
			);
			mainGroup = E570AF3E20E2050900F1036D;
			productRefGroup = E570AF4820E2050900F1036D /* Products */;
			projectDirPath = "";
			projectRoot = "";
			targets = (
				E570AF4620E2050900F1036D /* HideStackViewInTableCell */,
			);
		};
/* End PBXProject section */

/* Begin PBXResourcesBuildPhase section */
		E570AF4520E2050900F1036D /* Resources */ = {
			isa = PBXResourcesBuildPhase;
			buildActionMask = 2147483647;
			files = (
				E570AF5520E2050E00F1036D /* LaunchScreen.storyboard in Resources */,
				E570AF5220E2050E00F1036D /* Assets.xcassets in Resources */,
				E570AF6020E2192400F1036D /* ClassRoomViewController.xib in Resources */,
				E570AF5020E2050900F1036D /* Main.storyboard in Resources */,
				E570AF6B20E21BEB00F1036D /* StudentView.xib in Resources */,
				E570AF6820E21AEF00F1036D /* ClassRoomTableViewCell.xib in Resources */,
			);
			runOnlyForDeploymentPostprocessing = 0;
		};
/* End PBXResourcesBuildPhase section */

/* Begin PBXShellScriptBuildPhase section */
		5C8349B2143D03FF90A26B1F /* [CP] Embed Pods Frameworks */ = {
			isa = PBXShellScriptBuildPhase;
			buildActionMask = 2147483647;
			files = (
			);
			inputPaths = (
				"${SRCROOT}/Pods/Target Support Files/Pods-HideStackViewInTableCell/Pods-HideStackViewInTableCell-frameworks.sh",
				"${BUILT_PRODUCTS_DIR}/RxCocoa/RxCocoa.framework",
				"${BUILT_PRODUCTS_DIR}/RxSwift/RxSwift.framework",
			);
			name = "[CP] Embed Pods Frameworks";
			outputPaths = (
				"${TARGET_BUILD_DIR}/${FRAMEWORKS_FOLDER_PATH}/RxCocoa.framework",
				"${TARGET_BUILD_DIR}/${FRAMEWORKS_FOLDER_PATH}/RxSwift.framework",
			);
			runOnlyForDeploymentPostprocessing = 0;
			shellPath = /bin/sh;
			shellScript = "\"${SRCROOT}/Pods/Target Support Files/Pods-HideStackViewInTableCell/Pods-HideStackViewInTableCell-frameworks.sh\"\n";
			showEnvVarsInLog = 0;
		};
		5D260802D9A2B2FBCC7402EC /* [CP] Check Pods Manifest.lock */ = {
			isa = PBXShellScriptBuildPhase;
			buildActionMask = 2147483647;
			files = (
			);
			inputPaths = (
				"${PODS_PODFILE_DIR_PATH}/Podfile.lock",
				"${PODS_ROOT}/Manifest.lock",
			);
			name = "[CP] Check Pods Manifest.lock";
			outputPaths = (
				"$(DERIVED_FILE_DIR)/Pods-HideStackViewInTableCell-checkManifestLockResult.txt",
			);
			runOnlyForDeploymentPostprocessing = 0;
			shellPath = /bin/sh;
			shellScript = "diff \"${PODS_PODFILE_DIR_PATH}/Podfile.lock\" \"${PODS_ROOT}/Manifest.lock\" > /dev/null\nif [ $? != 0 ] ; then\n    # print error to STDERR\n    echo \"error: The sandbox is not in sync with the Podfile.lock. Run 'pod install' or update your CocoaPods installation.\" >&2\n    exit 1\nfi\n# This output is used by Xcode 'outputs' to avoid re-running this script phase.\necho \"SUCCESS\" > \"${SCRIPT_OUTPUT_FILE_0}\"\n";
			showEnvVarsInLog = 0;
		};
/* End PBXShellScriptBuildPhase section */

/* Begin PBXSourcesBuildPhase section */
		E570AF4320E2050900F1036D /* Sources */ = {
			isa = PBXSourcesBuildPhase;
			buildActionMask = 2147483647;
			files = (
				E570AF6720E21AEF00F1036D /* ClassRoomTableViewCell.swift in Sources */,
				E570AF4D20E2050900F1036D /* ViewController.swift in Sources */,
				E570AF6320E2198200F1036D /* ClassRoom.swift in Sources */,
				E570AF5F20E2192400F1036D /* ClassRoomViewController.swift in Sources */,
				E570AF6D20E21BF300F1036D /* StudentView.swift in Sources */,
				E570AF4B20E2050900F1036D /* AppDelegate.swift in Sources */,
			);
			runOnlyForDeploymentPostprocessing = 0;
		};
/* End PBXSourcesBuildPhase section */

/* Begin PBXVariantGroup section */
		E570AF4E20E2050900F1036D /* Main.storyboard */ = {
			isa = PBXVariantGroup;
			children = (
				E570AF4F20E2050900F1036D /* Base */,
			);
			name = Main.storyboard;
			sourceTree = "<group>";
		};
		E570AF5320E2050E00F1036D /* LaunchScreen.storyboard */ = {
			isa = PBXVariantGroup;
			children = (
				E570AF5420E2050E00F1036D /* Base */,
			);
			name = LaunchScreen.storyboard;
			sourceTree = "<group>";
		};
/* End PBXVariantGroup section */

/* Begin XCBuildConfiguration section */
		E570AF5720E2050E00F1036D /* Debug */ = {
			isa = XCBuildConfiguration;
			buildSettings = {
				ALWAYS_SEARCH_USER_PATHS = NO;
				CLANG_ANALYZER_NONNULL = YES;
				CLANG_ANALYZER_NUMBER_OBJECT_CONVERSION = YES_AGGRESSIVE;
				CLANG_CXX_LANGUAGE_STANDARD = "gnu++14";
				CLANG_CXX_LIBRARY = "libc++";
				CLANG_ENABLE_MODULES = YES;
				CLANG_ENABLE_OBJC_ARC = YES;
				CLANG_ENABLE_OBJC_WEAK = YES;
				CLANG_WARN_BLOCK_CAPTURE_AUTORELEASING = YES;
				CLANG_WARN_BOOL_CONVERSION = YES;
				CLANG_WARN_COMMA = YES;
				CLANG_WARN_CONSTANT_CONVERSION = YES;
				CLANG_WARN_DEPRECATED_OBJC_IMPLEMENTATIONS = YES;
				CLANG_WARN_DIRECT_OBJC_ISA_USAGE = YES_ERROR;
				CLANG_WARN_DOCUMENTATION_COMMENTS = YES;
				CLANG_WARN_EMPTY_BODY = YES;
				CLANG_WARN_ENUM_CONVERSION = YES;
				CLANG_WARN_INFINITE_RECURSION = YES;
				CLANG_WARN_INT_CONVERSION = YES;
				CLANG_WARN_NON_LITERAL_NULL_CONVERSION = YES;
				CLANG_WARN_OBJC_IMPLICIT_RETAIN_SELF = YES;
				CLANG_WARN_OBJC_LITERAL_CONVERSION = YES;
				CLANG_WARN_OBJC_ROOT_CLASS = YES_ERROR;
				CLANG_WARN_RANGE_LOOP_ANALYSIS = YES;
				CLANG_WARN_STRICT_PROTOTYPES = YES;
				CLANG_WARN_SUSPICIOUS_MOVE = YES;
				CLANG_WARN_UNGUARDED_AVAILABILITY = YES_AGGRESSIVE;
				CLANG_WARN_UNREACHABLE_CODE = YES;
				CLANG_WARN__DUPLICATE_METHOD_MATCH = YES;
				CODE_SIGN_IDENTITY = "iPhone Developer";
				COPY_PHASE_STRIP = NO;
				DEBUG_INFORMATION_FORMAT = dwarf;
				ENABLE_STRICT_OBJC_MSGSEND = YES;
				ENABLE_TESTABILITY = YES;
				GCC_C_LANGUAGE_STANDARD = gnu11;
				GCC_DYNAMIC_NO_PIC = NO;
				GCC_NO_COMMON_BLOCKS = YES;
				GCC_OPTIMIZATION_LEVEL = 0;
				GCC_PREPROCESSOR_DEFINITIONS = (
					"DEBUG=1",
					"$(inherited)",
				);
				GCC_WARN_64_TO_32_BIT_CONVERSION = YES;
				GCC_WARN_ABOUT_RETURN_TYPE = YES_ERROR;
				GCC_WARN_UNDECLARED_SELECTOR = YES;
				GCC_WARN_UNINITIALIZED_AUTOS = YES_AGGRESSIVE;
				GCC_WARN_UNUSED_FUNCTION = YES;
				GCC_WARN_UNUSED_VARIABLE = YES;
				IPHONEOS_DEPLOYMENT_TARGET = 11.4;
				MTL_ENABLE_DEBUG_INFO = YES;
				ONLY_ACTIVE_ARCH = YES;
				SDKROOT = iphoneos;
				SWIFT_ACTIVE_COMPILATION_CONDITIONS = DEBUG;
				SWIFT_OPTIMIZATION_LEVEL = "-Onone";
			};
			name = Debug;
		};
		E570AF5820E2050E00F1036D /* Release */ = {
			isa = XCBuildConfiguration;
			buildSettings = {
				ALWAYS_SEARCH_USER_PATHS = NO;
				CLANG_ANALYZER_NONNULL = YES;
				CLANG_ANALYZER_NUMBER_OBJECT_CONVERSION = YES_AGGRESSIVE;
				CLANG_CXX_LANGUAGE_STANDARD = "gnu++14";
				CLANG_CXX_LIBRARY = "libc++";
				CLANG_ENABLE_MODULES = YES;
				CLANG_ENABLE_OBJC_ARC = YES;
				CLANG_ENABLE_OBJC_WEAK = YES;
				CLANG_WARN_BLOCK_CAPTURE_AUTORELEASING = YES;
				CLANG_WARN_BOOL_CONVERSION = YES;
				CLANG_WARN_COMMA = YES;
				CLANG_WARN_CONSTANT_CONVERSION = YES;
				CLANG_WARN_DEPRECATED_OBJC_IMPLEMENTATIONS = YES;
				CLANG_WARN_DIRECT_OBJC_ISA_USAGE = YES_ERROR;
				CLANG_WARN_DOCUMENTATION_COMMENTS = YES;
				CLANG_WARN_EMPTY_BODY = YES;
				CLANG_WARN_ENUM_CONVERSION = YES;
				CLANG_WARN_INFINITE_RECURSION = YES;
				CLANG_WARN_INT_CONVERSION = YES;
				CLANG_WARN_NON_LITERAL_NULL_CONVERSION = YES;
				CLANG_WARN_OBJC_IMPLICIT_RETAIN_SELF = YES;
				CLANG_WARN_OBJC_LITERAL_CONVERSION = YES;
				CLANG_WARN_OBJC_ROOT_CLASS = YES_ERROR;
				CLANG_WARN_RANGE_LOOP_ANALYSIS = YES;
				CLANG_WARN_STRICT_PROTOTYPES = YES;
				CLANG_WARN_SUSPICIOUS_MOVE = YES;
				CLANG_WARN_UNGUARDED_AVAILABILITY = YES_AGGRESSIVE;
				CLANG_WARN_UNREACHABLE_CODE = YES;
				CLANG_WARN__DUPLICATE_METHOD_MATCH = YES;
				CODE_SIGN_IDENTITY = "iPhone Developer";
				COPY_PHASE_STRIP = NO;
				DEBUG_INFORMATION_FORMAT = "dwarf-with-dsym";
				ENABLE_NS_ASSERTIONS = NO;
				ENABLE_STRICT_OBJC_MSGSEND = YES;
				GCC_C_LANGUAGE_STANDARD = gnu11;
				GCC_NO_COMMON_BLOCKS = YES;
				GCC_WARN_64_TO_32_BIT_CONVERSION = YES;
				GCC_WARN_ABOUT_RETURN_TYPE = YES_ERROR;
				GCC_WARN_UNDECLARED_SELECTOR = YES;
				GCC_WARN_UNINITIALIZED_AUTOS = YES_AGGRESSIVE;
				GCC_WARN_UNUSED_FUNCTION = YES;
				GCC_WARN_UNUSED_VARIABLE = YES;
				IPHONEOS_DEPLOYMENT_TARGET = 11.4;
				MTL_ENABLE_DEBUG_INFO = NO;
				SDKROOT = iphoneos;
				SWIFT_COMPILATION_MODE = wholemodule;
				SWIFT_OPTIMIZATION_LEVEL = "-O";
				VALIDATE_PRODUCT = YES;
			};
			name = Release;
		};
		E570AF5A20E2050E00F1036D /* Debug */ = {
			isa = XCBuildConfiguration;
			baseConfigurationReference = F2F75897B40E751064A12BFF /* Pods-HideStackViewInTableCell.debug.xcconfig */;
			buildSettings = {
				ASSETCATALOG_COMPILER_APPICON_NAME = AppIcon;
				CODE_SIGN_STYLE = Automatic;
				INFOPLIST_FILE = HideStackViewInTableCell/Info.plist;
				LD_RUNPATH_SEARCH_PATHS = (
					"$(inherited)",
					"@executable_path/Frameworks",
				);
				PRODUCT_BUNDLE_IDENTIFIER = id.jeffersonsetiawan.HideStackViewInTableCell;
				PRODUCT_NAME = "$(TARGET_NAME)";
				SWIFT_VERSION = 4.0;
				TARGETED_DEVICE_FAMILY = "1,2";
			};
			name = Debug;
		};
		E570AF5B20E2050E00F1036D /* Release */ = {
			isa = XCBuildConfiguration;
			baseConfigurationReference = DF17A21F56378D7705D9E737 /* Pods-HideStackViewInTableCell.release.xcconfig */;
			buildSettings = {
				ASSETCATALOG_COMPILER_APPICON_NAME = AppIcon;
				CODE_SIGN_STYLE = Automatic;
				INFOPLIST_FILE = HideStackViewInTableCell/Info.plist;
				LD_RUNPATH_SEARCH_PATHS = (
					"$(inherited)",
					"@executable_path/Frameworks",
				);
				PRODUCT_BUNDLE_IDENTIFIER = id.jeffersonsetiawan.HideStackViewInTableCell;
				PRODUCT_NAME = "$(TARGET_NAME)";
				SWIFT_VERSION = 4.0;
				TARGETED_DEVICE_FAMILY = "1,2";
			};
			name = Release;
		};
/* End XCBuildConfiguration section */

/* Begin XCConfigurationList section */
		E570AF4220E2050900F1036D /* Build configuration list for PBXProject "HideStackViewInTableCell" */ = {
			isa = XCConfigurationList;
			buildConfigurations = (
				E570AF5720E2050E00F1036D /* Debug */,
				E570AF5820E2050E00F1036D /* Release */,
			);
			defaultConfigurationIsVisible = 0;
			defaultConfigurationName = Release;
		};
		E570AF5920E2050E00F1036D /* Build configuration list for PBXNativeTarget "HideStackViewInTableCell" */ = {
			isa = XCConfigurationList;
			buildConfigurations = (
				E570AF5A20E2050E00F1036D /* Debug */,
				E570AF5B20E2050E00F1036D /* Release */,
			);
			defaultConfigurationIsVisible = 0;
			defaultConfigurationName = Release;
		};
/* End XCConfigurationList section */
	};
	rootObject = E570AF3F20E2050900F1036D /* Project object */;
}
